
Microsoft Visual Studio Solution File, Format Version 12.00
Project("{FAE04EC0-301F-11D3-BF4B-00C04F79EFBC}") = "AcmeBooksAPI", "AcmeBooksAPI\AcmeBooksAPI.csproj", "{AA0965C7-3600-424E-90BF-D9F3FAEC6373}"
EndProject
Project("{FAE04EC0-301F-11D3-BF4B-00C04F79EFBC}") = "AcmeBooksAPITests", "AcmeBooksAPITests\AcmeBooksAPITests.csproj", "{386D568E-9AF6-4328-8EF4-DA7072951720}"
EndProject
Global
	GlobalSection(SolutionConfigurationPlatforms) = preSolution
		Debug|Any CPU = Debug|Any CPU
		Release|Any CPU = Release|Any CPU
	EndGlobalSection
	GlobalSection(ProjectConfigurationPlatforms) = postSolution
		{AA0965C7-3600-424E-90BF-D9F3FAEC6373}.Debug|Any CPU.ActiveCfg = Debug|Any CPU
		{AA0965C7-3600-424E-90BF-D9F3FAEC6373}.Debug|Any CPU.Build.0 = Debug|Any CPU
		{AA0965C7-3600-424E-90BF-D9F3FAEC6373}.Release|Any CPU.ActiveCfg = Release|Any CPU
		{AA0965C7-3600-424E-90BF-D9F3FAEC6373}.Release|Any CPU.Build.0 = Release|Any CPU
		{386D568E-9AF6-4328-8EF4-DA7072951720}.Debug|Any CPU.ActiveCfg = Debug|Any CPU
		{386D568E-9AF6-4328-8EF4-DA7072951720}.Debug|Any CPU.Build.0 = Debug|Any CPU
		{386D568E-9AF6-4328-8EF4-DA7072951720}.Release|Any CPU.ActiveCfg = Release|Any CPU
		{386D568E-9AF6-4328-8EF4-DA7072951720}.Release|Any CPU.Build.0 = Release|Any CPU
	EndGlobalSection
EndGlobal
